
Microsoft Visual Studio Solution File, Format Version 12.00
# Visual Studio 14
VisualStudioVersion = 14.0.25420.1
MinimumVisualStudioVersion = 10.0.40219.1
Project("{FAE04EC0-301F-11D3-BF4B-00C04F79EFBC}") = "Cliente-Servidor", "ExamenSO\Cliente-Servidor.csproj", "{DADFB977-6006-4518-9782-3953FA9CEC76}"
EndProject
Project("{FAE04EC0-301F-11D3-BF4B-00C04F79EFBC}") = "Mensaje", "Mensaje\Mensaje.csproj", "{C8684DC8-759D-4E40-8D20-15F11F626751}"
EndProject
Global
	GlobalSection(SolutionConfigurationPlatforms) = preSolution
		Debug|Any CPU = Debug|Any CPU
		Release|Any CPU = Release|Any CPU
	EndGlobalSection
	GlobalSection(ProjectConfigurationPlatforms) = postSolution
		{DADFB977-6006-4518-9782-3953FA9CEC76}.Debug|Any CPU.ActiveCfg = Debug|Any CPU
		{DADFB977-6006-4518-9782-3953FA9CEC76}.Debug|Any CPU.Build.0 = Debug|Any CPU
		{DADFB977-6006-4518-9782-3953FA9CEC76}.Release|Any CPU.ActiveCfg = Release|Any CPU
		{DADFB977-6006-4518-9782-3953FA9CEC76}.Release|Any CPU.Build.0 = Release|Any CPU
		{C8684DC8-759D-4E40-8D20-15F11F626751}.Debug|Any CPU.ActiveCfg = Debug|Any CPU
		{C8684DC8-759D-4E40-8D20-15F11F626751}.Debug|Any CPU.Build.0 = Debug|Any CPU
		{C8684DC8-759D-4E40-8D20-15F11F626751}.Release|Any CPU.ActiveCfg = Release|Any CPU
		{C8684DC8-759D-4E40-8D20-15F11F626751}.Release|Any CPU.Build.0 = Release|Any CPU
	EndGlobalSection
	GlobalSection(SolutionProperties) = preSolution
		HideSolutionNode = FALSE
	EndGlobalSection
EndGlobal
